
Microsoft Visual Studio Solution File, Format Version 12.00
# Visual Studio Version 17
VisualStudioVersion = 17.5.001.0
MinimumVisualStudioVersion = 10.0.40219.1
Project("{9A19103F-16F7-4668-BE54-9A1E7A4F7556}") = "2d-portal", "2d-portal.csproj", "{8AC12D5E-050F-4976-A28C-19E5F48773FE}"
EndProject
Global
	GlobalSection(SolutionConfigurationPlatforms) = preSolution
		Debug|Any CPU = Debug|Any CPU
		Release|Any CPU = Release|Any CPU
	EndGlobalSection
	GlobalSection(ProjectConfigurationPlatforms) = postSolution
		{8AC12D5E-050F-4976-A28C-19E5F48773FE}.Debug|Any CPU.ActiveCfg = Debug|Any CPU
		{8AC12D5E-050F-4976-A28C-19E5F48773FE}.Debug|Any CPU.Build.0 = Debug|Any CPU
		{8AC12D5E-050F-4976-A28C-19E5F48773FE}.Release|Any CPU.ActiveCfg = Release|Any CPU
		{8AC12D5E-050F-4976-A28C-19E5F48773FE}.Release|Any CPU.Build.0 = Release|Any CPU
	EndGlobalSection
	GlobalSection(SolutionProperties) = preSolution
		HideSolutionNode = FALSE
	EndGlobalSection
	GlobalSection(ExtensibilityGlobals) = postSolution
		SolutionGuid = {6065DD2D-3160-4E97-947E-41082D8B18D6}
	EndGlobalSection
EndGlobal
